# This file was autogenerated by Stack.
# You should not edit this file by hand.
# For more information, please see the documentation at:
#   https://docs.haskellstack.org/en/stable/lock_files

packages:
- completed:
    hackage: inline-java-0.10.0@sha256:66b7f75dcc65026915f9e2d1dae2b680b1b55ee1c1a3f17d78f57e633c7e171f,3224
    pantry-tree:
      size: 2146
      sha256: e3925688a8a27e1cdc7a03005561ec589c3fbe62aeac1b315e0f39314d2bc8e2
  original:
    hackage: inline-java-0.10.0@sha256:66b7f75dcc65026915f9e2d1dae2b680b1b55ee1c1a3f17d78f57e633c7e171f,3224
- completed:
    hackage: jni-0.8.0@sha256:71794af111f3c3934841f60e8e7ef1b5cc0a88e82eb62efcb1b096569d2d86e2,2614
    pantry-tree:
      size: 1441
      sha256: 0472e2eaadbbb446f4a1afd692a0e25836394828dfb59c576604161ec7f0a350
  original:
    hackage: jni-0.8.0@sha256:71794af111f3c3934841f60e8e7ef1b5cc0a88e82eb62efcb1b096569d2d86e2,2614
- completed:
    hackage: jvm-0.6.0@sha256:771e635a34a9729799bacd136085c3fb69eb78783cf272874ac7c90f382817dc,2210
    pantry-tree:
      size: 727
      sha256: 7a87fc99a245f44e22d385f890d4ab3fc2648df6717eb81c46394d32642fe336
  original:
    hackage: jvm-0.6.0@sha256:771e635a34a9729799bacd136085c3fb69eb78783cf272874ac7c90f382817dc,2210
snapshots:
- completed:
    size: 587113
    url: https://raw.githubusercontent.com/commercialhaskell/stackage-snapshots/master/lts/18/6.yaml
    sha256: f74c482d7c93739ecf3abfbc0f2dea1c20a2dfb2462c689846ed55a9653b66f7
  original: lts-18.6
